
Microsoft Visual Studio Solution File, Format Version 12.00
# Visual Studio Version 17
VisualStudioVersion = 17.11.35312.102
MinimumVisualStudioVersion = 10.0.40219.1
Project("{FAE04EC0-301F-11D3-BF4B-00C04F79EFBC}") = "VarandDynamic", "VarandDynamic\VarandDynamic.csproj", "{007D82B4-5BD9-40D6-AA79-ADFB7B756C07}"
EndProject
Global
	GlobalSection(SolutionConfigurationPlatforms) = preSolution
		Debug|Any CPU = Debug|Any CPU
		Release|Any CPU = Release|Any CPU
	EndGlobalSection
	GlobalSection(ProjectConfigurationPlatforms) = postSolution
		{007D82B4-5BD9-40D6-AA79-ADFB7B756C07}.Debug|Any CPU.ActiveCfg = Debug|Any CPU
		{007D82B4-5BD9-40D6-AA79-ADFB7B756C07}.Debug|Any CPU.Build.0 = Debug|Any CPU
		{007D82B4-5BD9-40D6-AA79-ADFB7B756C07}.Release|Any CPU.ActiveCfg = Release|Any CPU
		{007D82B4-5BD9-40D6-AA79-ADFB7B756C07}.Release|Any CPU.Build.0 = Release|Any CPU
	EndGlobalSection
	GlobalSection(SolutionProperties) = preSolution
		HideSolutionNode = FALSE
	EndGlobalSection
	GlobalSection(ExtensibilityGlobals) = postSolution
		SolutionGuid = {BA9E62A1-B447-4B90-8CF2-E8DF004E2C26}
	EndGlobalSection
EndGlobal
