
Microsoft Visual Studio Solution File, Format Version 12.00
# Visual Studio Version 17
VisualStudioVersion = 17.11.35312.102
MinimumVisualStudioVersion = 10.0.40219.1
Project("{FAE04EC0-301F-11D3-BF4B-00C04F79EFBC}") = "TraineeApp", "TraineeApp\TraineeApp.csproj", "{0186CA77-74BF-498B-9F51-5A6AB927DDF3}"
EndProject
Global
	GlobalSection(SolutionConfigurationPlatforms) = preSolution
		Debug|Any CPU = Debug|Any CPU
		Release|Any CPU = Release|Any CPU
	EndGlobalSection
	GlobalSection(ProjectConfigurationPlatforms) = postSolution
		{0186CA77-74BF-498B-9F51-5A6AB927DDF3}.Debug|Any CPU.ActiveCfg = Debug|Any CPU
		{0186CA77-74BF-498B-9F51-5A6AB927DDF3}.Debug|Any CPU.Build.0 = Debug|Any CPU
		{0186CA77-74BF-498B-9F51-5A6AB927DDF3}.Release|Any CPU.ActiveCfg = Release|Any CPU
		{0186CA77-74BF-498B-9F51-5A6AB927DDF3}.Release|Any CPU.Build.0 = Release|Any CPU
	EndGlobalSection
	GlobalSection(SolutionProperties) = preSolution
		HideSolutionNode = FALSE
	EndGlobalSection
	GlobalSection(ExtensibilityGlobals) = postSolution
		SolutionGuid = {765A3E95-FFA5-4A33-ABA1-E45AE28993B4}
	EndGlobalSection
EndGlobal
